
Microsoft Visual Studio Solution File, Format Version 12.00
# Visual Studio 14
VisualStudioVersion = 14.0.25420.1
MinimumVisualStudioVersion = 10.0.40219.1
Project("{FAE04EC0-301F-11D3-BF4B-00C04F79EFBC}") = "BlackJackEvolution.App", "BlackJackEvolution.App\BlackJackEvolution.App.csproj", "{722D696B-B549-4582-90C1-3C9DBCAC6CF9}"
EndProject
Project("{FAE04EC0-301F-11D3-BF4B-00C04F79EFBC}") = "PlayingCards", "PlayingCards\PlayingCards.csproj", "{8C72E3C3-3123-4A82-870C-91EC86F73904}"
EndProject
Project("{FAE04EC0-301F-11D3-BF4B-00C04F79EFBC}") = "BlackJackEvolution.Host", "BlackJackEvolution.Host\BlackJackEvolution.Host.csproj", "{21233062-9332-4DB0-BBD5-6587015C70DB}"
EndProject
Project("{FAE04EC0-301F-11D3-BF4B-00C04F79EFBC}") = "BlackJackEvolution.Test", "BlackJackEvolution.Test\BlackJackEvolution.Test.csproj", "{47508A11-57CD-4724-9EE7-110B6D01BF02}"
EndProject
Project("{FAE04EC0-301F-11D3-BF4B-00C04F79EFBC}") = "CryptoRandom", "CryptoRandom\CryptoRandom.csproj", "{3EF237AE-6C95-4E9D-B54A-1B0501125F1E}"
EndProject
Global
	GlobalSection(SolutionConfigurationPlatforms) = preSolution
		Debug|Any CPU = Debug|Any CPU
		Release|Any CPU = Release|Any CPU
	EndGlobalSection
	GlobalSection(ProjectConfigurationPlatforms) = postSolution
		{722D696B-B549-4582-90C1-3C9DBCAC6CF9}.Debug|Any CPU.ActiveCfg = Debug|Any CPU
		{722D696B-B549-4582-90C1-3C9DBCAC6CF9}.Debug|Any CPU.Build.0 = Debug|Any CPU
		{722D696B-B549-4582-90C1-3C9DBCAC6CF9}.Release|Any CPU.ActiveCfg = Release|Any CPU
		{722D696B-B549-4582-90C1-3C9DBCAC6CF9}.Release|Any CPU.Build.0 = Release|Any CPU
		{8C72E3C3-3123-4A82-870C-91EC86F73904}.Debug|Any CPU.ActiveCfg = Debug|Any CPU
		{8C72E3C3-3123-4A82-870C-91EC86F73904}.Debug|Any CPU.Build.0 = Debug|Any CPU
		{8C72E3C3-3123-4A82-870C-91EC86F73904}.Release|Any CPU.ActiveCfg = Release|Any CPU
		{8C72E3C3-3123-4A82-870C-91EC86F73904}.Release|Any CPU.Build.0 = Release|Any CPU
		{21233062-9332-4DB0-BBD5-6587015C70DB}.Debug|Any CPU.ActiveCfg = Debug|Any CPU
		{21233062-9332-4DB0-BBD5-6587015C70DB}.Debug|Any CPU.Build.0 = Debug|Any CPU
		{21233062-9332-4DB0-BBD5-6587015C70DB}.Release|Any CPU.ActiveCfg = Release|Any CPU
		{21233062-9332-4DB0-BBD5-6587015C70DB}.Release|Any CPU.Build.0 = Release|Any CPU
		{47508A11-57CD-4724-9EE7-110B6D01BF02}.Debug|Any CPU.ActiveCfg = Debug|Any CPU
		{47508A11-57CD-4724-9EE7-110B6D01BF02}.Debug|Any CPU.Build.0 = Debug|Any CPU
		{47508A11-57CD-4724-9EE7-110B6D01BF02}.Release|Any CPU.ActiveCfg = Release|Any CPU
		{47508A11-57CD-4724-9EE7-110B6D01BF02}.Release|Any CPU.Build.0 = Release|Any CPU
		{3EF237AE-6C95-4E9D-B54A-1B0501125F1E}.Debug|Any CPU.ActiveCfg = Debug|Any CPU
		{3EF237AE-6C95-4E9D-B54A-1B0501125F1E}.Debug|Any CPU.Build.0 = Debug|Any CPU
		{3EF237AE-6C95-4E9D-B54A-1B0501125F1E}.Release|Any CPU.ActiveCfg = Release|Any CPU
		{3EF237AE-6C95-4E9D-B54A-1B0501125F1E}.Release|Any CPU.Build.0 = Release|Any CPU
	EndGlobalSection
	GlobalSection(SolutionProperties) = preSolution
		HideSolutionNode = FALSE
	EndGlobalSection
EndGlobal
